// !$*UTF8*$!
{
	archiveVersion = 1;
	classes = {
	};
	objectVersion = 46;
	objects = {

/* Begin PBXBuildFile section */
		026C0C1D4193B095F503078C /* libPods-WCMacroKit.a in Frameworks */ = {isa = PBXBuildFile; fileRef = 7E1C37B795C2791FBEEEF619 /* libPods-WCMacroKit.a */; };
		2B44B1791D952BB100B23550 /* RootViewController.m in Sources */ = {isa = PBXBuildFile; fileRef = 2B44B1781D952BB100B23550 /* RootViewController.m */; };
		2BC5661B1D9545BC000A49EE /* Test_SYNTHESIZE_ASSOCIATED_XXX.m in Sources */ = {isa = PBXBuildFile; fileRef = 2BC5661A1D9545BC000A49EE /* Test_SYNTHESIZE_ASSOCIATED_XXX.m */; };
		2BE400CA1D73272500A48174 /* main.m in Sources */ = {isa = PBXBuildFile; fileRef = 2BE400C91D73272500A48174 /* main.m */; };
		2BE400CD1D73272500A48174 /* AppDelegate.m in Sources */ = {isa = PBXBuildFile; fileRef = 2BE400CC1D73272500A48174 /* AppDelegate.m */; };
		2BE400D51D73272500A48174 /* Assets.xcassets in Resources */ = {isa = PBXBuildFile; fileRef = 2BE400D41D73272500A48174 /* Assets.xcassets */; };
		2BE400D81D73272500A48174 /* LaunchScreen.storyboard in Resources */ = {isa = PBXBuildFile; fileRef = 2BE400D61D73272500A48174 /* LaunchScreen.storyboard */; };
		2BE400E41D73273200A48174 /* Test.m in Sources */ = {isa = PBXBuildFile; fileRef = 2BE400E31D73273200A48174 /* Test.m */; };
		4F03AEBB208E310500186DE1 /* Test_DelegateCaller_DELEGATE_SAFE_CALL_WITH_RETURN_PRIMITIVE.m in Sources */ = {isa = PBXBuildFile; fileRef = 4F03AEBA208E310500186DE1 /* Test_DelegateCaller_DELEGATE_SAFE_CALL_WITH_RETURN_PRIMITIVE.m */; };
		4F13DCF724C9948C00CD5DE9 /* Test_MacroColor.m in Sources */ = {isa = PBXBuildFile; fileRef = 4F13DCF624C9948C00CD5DE9 /* Test_MacroColor.m */; };
		4F172409231BD10E00483D53 /* Test_MacroAttribute.m in Sources */ = {isa = PBXBuildFile; fileRef = 4F172408231BD10E00483D53 /* Test_MacroAttribute.m */; };
		4F17240A231BD16F00483D53 /* WCMacroAttribute.h in Headers */ = {isa = PBXBuildFile; fileRef = 4F172407231BD03500483D53 /* WCMacroAttribute.h */; settings = {ATTRIBUTES = (Public, ); }; };
		4F19C24024C0471D00A9F1C0 /* Test_MacroAttributedString.m in Sources */ = {isa = PBXBuildFile; fileRef = 4F19C23F24C0471D00A9F1C0 /* Test_MacroAttributedString.m */; };
		4F1A055D24BF2A7700DBE662 /* WCMacroAttributedString.h in Headers */ = {isa = PBXBuildFile; fileRef = 4F1A055C24BF2A4E00DBE662 /* WCMacroAttributedString.h */; settings = {ATTRIBUTES = (Public, ); }; };
		4F20EBAB29697A6E0029B8B9 /* Test_GCCMacro.m in Sources */ = {isa = PBXBuildFile; fileRef = 4F20EBAA29697A6E0029B8B9 /* Test_GCCMacro.m */; };
		4F273C5F28003DA1006A9221 /* WCMacroError.h in Headers */ = {isa = PBXBuildFile; fileRef = 4F273C5E28003DA1006A9221 /* WCMacroError.h */; settings = {ATTRIBUTES = (Public, ); }; };
		4F273C6128003F4A006A9221 /* Test_MacroError.m in Sources */ = {isa = PBXBuildFile; fileRef = 4F273C6028003F4A006A9221 /* Test_MacroError.m */; };
		4F2BC6B3248253AD00175CEE /* Test_MacroLog.m in Sources */ = {isa = PBXBuildFile; fileRef = 4F2BC6B2248253AD00175CEE /* Test_MacroLog.m */; };
		4F2BC6B5248253F900175CEE /* Test_MacroString.m in Sources */ = {isa = PBXBuildFile; fileRef = 4F2BC6B4248253F900175CEE /* Test_MacroString.m */; };
		4F2BC6B72482548900175CEE /* Test_MacroDelegate.m in Sources */ = {isa = PBXBuildFile; fileRef = 4F2BC6B62482548900175CEE /* Test_MacroDelegate.m */; };
		4F2BC6B92482556000175CEE /* Test_MacroUncategoried.m in Sources */ = {isa = PBXBuildFile; fileRef = 4F2BC6B82482556000175CEE /* Test_MacroUncategoried.m */; };
		4F2BC6BA2482567200175CEE /* WCMacroThread.h in Headers */ = {isa = PBXBuildFile; fileRef = 4F0FDE2124791FBA0079ADF8 /* WCMacroThread.h */; settings = {ATTRIBUTES = (Public, ); }; };
		4F2EB0B929659BE600692CF7 /* Test_ClangMacro.m in Sources */ = {isa = PBXBuildFile; fileRef = 4F2EB0B829659BE600692CF7 /* Test_ClangMacro.m */; };
		4F45A63129554D1200DD6489 /* Test_MacroLog_WCLogPrefix.m in Sources */ = {isa = PBXBuildFile; fileRef = 4F45A63029554D1200DD6489 /* Test_MacroLog_WCLogPrefix.m */; };
		4F45A63329554D5700DD6489 /* Test_MacroLog_WCLog.m in Sources */ = {isa = PBXBuildFile; fileRef = 4F45A63229554D5700DD6489 /* Test_MacroLog_WCLog.m */; };
		4F4F055B229550E8002BD87A /* WCMacroSynthesize.h in Headers */ = {isa = PBXBuildFile; fileRef = 4F4F055A22955091002BD87A /* WCMacroSynthesize.h */; settings = {ATTRIBUTES = (Public, ); }; };
		4F4F055D229566CF002BD87A /* Test_MacroSynthesize.m in Sources */ = {isa = PBXBuildFile; fileRef = 4F4F055C229566CF002BD87A /* Test_MacroSynthesize.m */; };
		4F50AE31240E9CDE00FB7FE8 /* Test_MacroBlock.m in Sources */ = {isa = PBXBuildFile; fileRef = 4F50AE30240E9CDE00FB7FE8 /* Test_MacroBlock.m */; };
		4F51372A231D444F00A17F9A /* WCMacroDollarSign.h in Headers */ = {isa = PBXBuildFile; fileRef = 4F513729231D444F00A17F9A /* WCMacroDollarSign.h */; settings = {ATTRIBUTES = (Public, ); }; };
		4F5CA92222A009A100F55313 /* Test_MacroSafeValue.m in Sources */ = {isa = PBXBuildFile; fileRef = 4F5CA92122A009A100F55313 /* Test_MacroSafeValue.m */; };
		4F5D928E1FEA502B005F137D /* Test_WCCallerTool_ViewController.m in Sources */ = {isa = PBXBuildFile; fileRef = 4F5D928D1FEA502B005F137D /* Test_WCCallerTool_ViewController.m */; };
		4F61540325E7EFC40033E082 /* WCMacroBreakpoint.h in Headers */ = {isa = PBXBuildFile; fileRef = 4F61540225E7EFB30033E082 /* WCMacroBreakpoint.h */; settings = {ATTRIBUTES = (Public, ); }; };
		4F61540B25E7F0170033E082 /* Test_MacroBreakpoint.m in Sources */ = {isa = PBXBuildFile; fileRef = 4F61540A25E7F0160033E082 /* Test_MacroBreakpoint.m */; };
		4F61541425E7F2830033E082 /* Test_BREAKPOINT_MAKE_ON_DEBUG_ViewController.m in Sources */ = {isa = PBXBuildFile; fileRef = 4F61541325E7F2830033E082 /* Test_BREAKPOINT_MAKE_ON_DEBUG_ViewController.m */; };
		4F61542F25E7F5B80033E082 /* WCMacroKit.framework in CopyFiles */ = {isa = PBXBuildFile; fileRef = 4F7D8E8621086D0E00145B00 /* WCMacroKit.framework */; settings = {ATTRIBUTES = (CodeSignOnCopy, RemoveHeadersOnCopy, ); }; };
		4F6635872047A7AB009842DC /* Test_THREAD_SAFE_LAZY_GETTER_BODY_ViewController.m in Sources */ = {isa = PBXBuildFile; fileRef = 4F6635862047A7AB009842DC /* Test_THREAD_SAFE_LAZY_GETTER_BODY_ViewController.m */; };
		4F6D7DA92233A49F006639A1 /* WCMacroToolBackend.h in Headers */ = {isa = PBXBuildFile; fileRef = 4F6D7DA72233A49F006639A1 /* WCMacroToolBackend.h */; settings = {ATTRIBUTES = (Public, ); }; };
		4F6D7DAA2233A49F006639A1 /* WCMacroToolBackend.m in Sources */ = {isa = PBXBuildFile; fileRef = 4F6D7DA82233A49F006639A1 /* WCMacroToolBackend.m */; };
		4F6D7DAE2233A561006639A1 /* WCMacroKit.framework in Frameworks */ = {isa = PBXBuildFile; fileRef = 4F7D8E8621086D0E00145B00 /* WCMacroKit.framework */; };
		4F6D7DB02233A877006639A1 /* WCMacroString.h in Headers */ = {isa = PBXBuildFile; fileRef = 4F6D7DAF2233A877006639A1 /* WCMacroString.h */; settings = {ATTRIBUTES = (Public, ); }; };
		4F6D7DB22233ACC2006639A1 /* WCMacroSafeValue.h in Headers */ = {isa = PBXBuildFile; fileRef = 4F6D7DB12233ACC2006639A1 /* WCMacroSafeValue.h */; settings = {ATTRIBUTES = (Public, ); }; };
		4F6D7DB42233B1D7006639A1 /* WCMacroTool.h in Headers */ = {isa = PBXBuildFile; fileRef = 4F6D7DB32233B1D7006639A1 /* WCMacroTool.h */; settings = {ATTRIBUTES = (Public, ); }; };
		4F6D7DB62233B389006639A1 /* Test_MacroTool.m in Sources */ = {isa = PBXBuildFile; fileRef = 4F6D7DB52233B389006639A1 /* Test_MacroTool.m */; };
		4F74C2B821FAAFA300A87393 /* TestWeakifyStrongifyViewController.m in Sources */ = {isa = PBXBuildFile; fileRef = 4F74C2B721FAAFA300A87393 /* TestWeakifyStrongifyViewController.m */; };
		4F77D9E22411330500BC2BA2 /* WCMacroCode.h in Headers */ = {isa = PBXBuildFile; fileRef = 4F77D9E12411330500BC2BA2 /* WCMacroCode.h */; settings = {ATTRIBUTES = (Public, ); }; };
		4F77D9E42411347500BC2BA2 /* Test_MacroCode.m in Sources */ = {isa = PBXBuildFile; fileRef = 4F77D9E32411347500BC2BA2 /* Test_MacroCode.m */; };
		4F7D8E8E21086D2000145B00 /* WCCallerTool.m in Sources */ = {isa = PBXBuildFile; fileRef = 4F5D928A1FEA4F06005F137D /* WCCallerTool.m */; };
		4F7D8E9021086EE300145B00 /* WCMacroKit.h in Headers */ = {isa = PBXBuildFile; fileRef = 2BE400EC1D73276A00A48174 /* WCMacroKit.h */; settings = {ATTRIBUTES = (Public, ); }; };
		4F7D8E9121086EE300145B00 /* WCMacroColor.h in Headers */ = {isa = PBXBuildFile; fileRef = 2BE400EE1D732D2D00A48174 /* WCMacroColor.h */; settings = {ATTRIBUTES = (Public, ); }; };
		4F7D8E9221086EE300145B00 /* WCMacroVersion.h in Headers */ = {isa = PBXBuildFile; fileRef = 2BE400EF1D732DF500A48174 /* WCMacroVersion.h */; settings = {ATTRIBUTES = (Public, ); }; };
		4F7D8E9321086EE300145B00 /* WCMacroLog.h in Headers */ = {isa = PBXBuildFile; fileRef = 2BE400F01D732E4B00A48174 /* WCMacroLog.h */; settings = {ATTRIBUTES = (Public, ); }; };
		4F7D8E9421086EE300145B00 /* WCMacroBlock.h in Headers */ = {isa = PBXBuildFile; fileRef = 2BE400F11D732F6500A48174 /* WCMacroBlock.h */; settings = {ATTRIBUTES = (Public, ); }; };
		4F7D8E9521086EE300145B00 /* WCMacroDelegate.h in Headers */ = {isa = PBXBuildFile; fileRef = 2BE400F21D732F7300A48174 /* WCMacroDelegate.h */; settings = {ATTRIBUTES = (Public, ); }; };
		4F7D8E9621086EE300145B00 /* WCMacroAssert.h in Headers */ = {isa = PBXBuildFile; fileRef = 2BE400F31D7330B500A48174 /* WCMacroAssert.h */; settings = {ATTRIBUTES = (Public, ); }; };
		4F7D8E9721086EE300145B00 /* WCMacroCompatibility.h in Headers */ = {isa = PBXBuildFile; fileRef = 4F33FD131FBC0D6C00DE9852 /* WCMacroCompatibility.h */; settings = {ATTRIBUTES = (Public, ); }; };
		4F7D8E9821086EE300145B00 /* WCCallerTool.h in Headers */ = {isa = PBXBuildFile; fileRef = 4F5D92891FEA4F06005F137D /* WCCallerTool.h */; settings = {ATTRIBUTES = (Public, ); }; };
		4F7D8E9A21087C5500145B00 /* WCMacroUncategoried.h in Headers */ = {isa = PBXBuildFile; fileRef = 4F7D8E9921087C5500145B00 /* WCMacroUncategoried.h */; settings = {ATTRIBUTES = (Public, ); }; };
		4F9A2E6B251DED4000349719 /* WCMacroUILayout.h in Headers */ = {isa = PBXBuildFile; fileRef = 4F9A2E6A251DED4000349719 /* WCMacroUILayout.h */; settings = {ATTRIBUTES = (Public, ); }; };
		4FAEBCF2269FCB6B00050229 /* Test_MacroUILayout.m in Sources */ = {isa = PBXBuildFile; fileRef = 4FAEBCF1269FCB6B00050229 /* Test_MacroUILayout.m */; };
		4FB43AD3200CE24500D5D92D /* Test_STR_OF_JSONViewController.m in Sources */ = {isa = PBXBuildFile; fileRef = 4FB43AD2200CE24500D5D92D /* Test_STR_OF_JSONViewController.m */; };
		4FB43AD6200CE2EE00D5D92D /* TestRawStringWithC++11ViewController.mm in Sources */ = {isa = PBXBuildFile; fileRef = 4FB43AD5200CE2EE00D5D92D /* TestRawStringWithC++11ViewController.mm */; };
		4FB51DF9263FFBA400EF75CF /* StringEnum.m in Sources */ = {isa = PBXBuildFile; fileRef = 4FB51DF8263FFBA400EF75CF /* StringEnum.m */; };
		4FC4E03524EE329A0011EE1F /* Test_MacroAssert.m in Sources */ = {isa = PBXBuildFile; fileRef = 4FC4E03424EE329A0011EE1F /* Test_MacroAssert.m */; };
		4FC7823D269C73F0001A8A3D /* ExternalConstantImplementation.m in Sources */ = {isa = PBXBuildFile; fileRef = 4FC7823C269C73F0001A8A3D /* ExternalConstantImplementation.m */; };
		4FF35E58269805380050F3A0 /* ExternalFunctionImplementation.m in Sources */ = {isa = PBXBuildFile; fileRef = 4FF35E57269805380050F3A0 /* ExternalFunctionImplementation.m */; };
		4FFF460C2404D3E6007D2737 /* Test_MacroCompatibility.m in Sources */ = {isa = PBXBuildFile; fileRef = 4FFF460B2404D3E6007D2737 /* Test_MacroCompatibility.m */; };
		8C9652C234596AD72AC30949 /* libPods-AppTest.a in Frameworks */ = {isa = PBXBuildFile; fileRef = 2E240A99029B3BD08F20C2A3 /* libPods-AppTest.a */; };
/* End PBXBuildFile section */

/* Begin PBXContainerItemProxy section */
		2BE400E61D73273200A48174 /* PBXContainerItemProxy */ = {
			isa = PBXContainerItemProxy;
			containerPortal = 2BE400BB1D73271A00A48174 /* Project object */;
			proxyType = 1;
			remoteGlobalIDString = 2BE400C41D73272500A48174;
			remoteInfo = AppTest;
		};
		4F6D7DAB2233A55B006639A1 /* PBXContainerItemProxy */ = {
			isa = PBXContainerItemProxy;
			containerPortal = 2BE400BB1D73271A00A48174 /* Project object */;
			proxyType = 1;
			remoteGlobalIDString = 4F7D8E8521086D0E00145B00;
			remoteInfo = WCMacroKit;
		};
/* End PBXContainerItemProxy section */

/* Begin PBXCopyFilesBuildPhase section */
		4F61542E25E7F5AC0033E082 /* CopyFiles */ = {
			isa = PBXCopyFilesBuildPhase;
			buildActionMask = 2147483647;
			dstPath = "";
			dstSubfolderSpec = 10;
			files = (
				4F61542F25E7F5B80033E082 /* WCMacroKit.framework in CopyFiles */,
			);
			runOnlyForDeploymentPostprocessing = 0;
		};
/* End PBXCopyFilesBuildPhase section */

/* Begin PBXFileReference section */
		0787CC9E40DD8F08E42120B2 /* Pods-AppTest.release.xcconfig */ = {isa = PBXFileReference; includeInIndex = 1; lastKnownFileType = text.xcconfig; name = "Pods-AppTest.release.xcconfig"; path = "Target Support Files/Pods-AppTest/Pods-AppTest.release.xcconfig"; sourceTree = "<group>"; };
		2B44B1771D952BB100B23550 /* RootViewController.h */ = {isa = PBXFileReference; fileEncoding = 4; lastKnownFileType = sourcecode.c.h; path = RootViewController.h; sourceTree = "<group>"; };
		2B44B1781D952BB100B23550 /* RootViewController.m */ = {isa = PBXFileReference; fileEncoding = 4; lastKnownFileType = sourcecode.c.objc; path = RootViewController.m; sourceTree = "<group>"; };
		2BC566191D9545BC000A49EE /* Test_SYNTHESIZE_ASSOCIATED_XXX.h */ = {isa = PBXFileReference; fileEncoding = 4; lastKnownFileType = sourcecode.c.h; path = Test_SYNTHESIZE_ASSOCIATED_XXX.h; sourceTree = "<group>"; };
		2BC5661A1D9545BC000A49EE /* Test_SYNTHESIZE_ASSOCIATED_XXX.m */ = {isa = PBXFileReference; fileEncoding = 4; lastKnownFileType = sourcecode.c.objc; path = Test_SYNTHESIZE_ASSOCIATED_XXX.m; sourceTree = "<group>"; };
		2BE400C51D73272500A48174 /* AppTest.app */ = {isa = PBXFileReference; explicitFileType = wrapper.application; includeInIndex = 0; path = AppTest.app; sourceTree = BUILT_PRODUCTS_DIR; };
		2BE400C91D73272500A48174 /* main.m */ = {isa = PBXFileReference; lastKnownFileType = sourcecode.c.objc; path = main.m; sourceTree = "<group>"; };
		2BE400CB1D73272500A48174 /* AppDelegate.h */ = {isa = PBXFileReference; lastKnownFileType = sourcecode.c.h; path = AppDelegate.h; sourceTree = "<group>"; };
		2BE400CC1D73272500A48174 /* AppDelegate.m */ = {isa = PBXFileReference; lastKnownFileType = sourcecode.c.objc; path = AppDelegate.m; sourceTree = "<group>"; };
		2BE400D41D73272500A48174 /* Assets.xcassets */ = {isa = PBXFileReference; lastKnownFileType = folder.assetcatalog; path = Assets.xcassets; sourceTree = "<group>"; };
		2BE400D71D73272500A48174 /* Base */ = {isa = PBXFileReference; lastKnownFileType = file.storyboard; name = Base; path = Base.lproj/LaunchScreen.storyboard; sourceTree = "<group>"; };
		2BE400D91D73272500A48174 /* Info.plist */ = {isa = PBXFileReference; lastKnownFileType = text.plist.xml; path = Info.plist; sourceTree = "<group>"; };
		2BE400E11D73273200A48174 /* Test.xctest */ = {isa = PBXFileReference; explicitFileType = wrapper.cfbundle; includeInIndex = 0; path = Test.xctest; sourceTree = BUILT_PRODUCTS_DIR; };
		2BE400E31D73273200A48174 /* Test.m */ = {isa = PBXFileReference; lastKnownFileType = sourcecode.c.objc; path = Test.m; sourceTree = "<group>"; };
		2BE400E51D73273200A48174 /* Info.plist */ = {isa = PBXFileReference; lastKnownFileType = text.plist.xml; path = Info.plist; sourceTree = "<group>"; };
		2BE400EC1D73276A00A48174 /* WCMacroKit.h */ = {isa = PBXFileReference; fileEncoding = 4; lastKnownFileType = sourcecode.c.h; path = WCMacroKit.h; sourceTree = "<group>"; };
		2BE400EE1D732D2D00A48174 /* WCMacroColor.h */ = {isa = PBXFileReference; lastKnownFileType = sourcecode.c.h; path = WCMacroColor.h; sourceTree = "<group>"; };
		2BE400EF1D732DF500A48174 /* WCMacroVersion.h */ = {isa = PBXFileReference; lastKnownFileType = sourcecode.c.h; path = WCMacroVersion.h; sourceTree = "<group>"; };
		2BE400F01D732E4B00A48174 /* WCMacroLog.h */ = {isa = PBXFileReference; lastKnownFileType = sourcecode.c.h; path = WCMacroLog.h; sourceTree = "<group>"; };
		2BE400F11D732F6500A48174 /* WCMacroBlock.h */ = {isa = PBXFileReference; lastKnownFileType = sourcecode.c.h; path = WCMacroBlock.h; sourceTree = "<group>"; };
		2BE400F21D732F7300A48174 /* WCMacroDelegate.h */ = {isa = PBXFileReference; lastKnownFileType = sourcecode.c.h; path = WCMacroDelegate.h; sourceTree = "<group>"; };
		2BE400F31D7330B500A48174 /* WCMacroAssert.h */ = {isa = PBXFileReference; lastKnownFileType = sourcecode.c.h; path = WCMacroAssert.h; sourceTree = "<group>"; };
		2E240A99029B3BD08F20C2A3 /* libPods-AppTest.a */ = {isa = PBXFileReference; explicitFileType = archive.ar; includeInIndex = 0; path = "libPods-AppTest.a"; sourceTree = BUILT_PRODUCTS_DIR; };
		3B0E1E8730E9CA0C8C488CD3 /* Pods-WCMacroKit.release.xcconfig */ = {isa = PBXFileReference; includeInIndex = 1; lastKnownFileType = text.xcconfig; name = "Pods-WCMacroKit.release.xcconfig"; path = "Target Support Files/Pods-WCMacroKit/Pods-WCMacroKit.release.xcconfig"; sourceTree = "<group>"; };
		4F03AEBA208E310500186DE1 /* Test_DelegateCaller_DELEGATE_SAFE_CALL_WITH_RETURN_PRIMITIVE.m */ = {isa = PBXFileReference; lastKnownFileType = sourcecode.c.objc; path = Test_DelegateCaller_DELEGATE_SAFE_CALL_WITH_RETURN_PRIMITIVE.m; sourceTree = "<group>"; };
		4F0FDE2124791FBA0079ADF8 /* WCMacroThread.h */ = {isa = PBXFileReference; lastKnownFileType = sourcecode.c.h; path = WCMacroThread.h; sourceTree = "<group>"; };
		4F13DCF624C9948C00CD5DE9 /* Test_MacroColor.m */ = {isa = PBXFileReference; lastKnownFileType = sourcecode.c.objc; path = Test_MacroColor.m; sourceTree = "<group>"; };
		4F172407231BD03500483D53 /* WCMacroAttribute.h */ = {isa = PBXFileReference; lastKnownFileType = sourcecode.c.h; path = WCMacroAttribute.h; sourceTree = "<group>"; };
		4F172408231BD10E00483D53 /* Test_MacroAttribute.m */ = {isa = PBXFileReference; lastKnownFileType = sourcecode.c.objc; path = Test_MacroAttribute.m; sourceTree = "<group>"; };
		4F19C23F24C0471D00A9F1C0 /* Test_MacroAttributedString.m */ = {isa = PBXFileReference; lastKnownFileType = sourcecode.c.objc; path = Test_MacroAttributedString.m; sourceTree = "<group>"; };
		4F1A055C24BF2A4E00DBE662 /* WCMacroAttributedString.h */ = {isa = PBXFileReference; lastKnownFileType = sourcecode.c.h; path = WCMacroAttributedString.h; sourceTree = "<group>"; };
		4F20EBAA29697A6E0029B8B9 /* Test_GCCMacro.m */ = {isa = PBXFileReference; lastKnownFileType = sourcecode.c.objc; path = Test_GCCMacro.m; sourceTree = "<group>"; };
		4F273C5E28003DA1006A9221 /* WCMacroError.h */ = {isa = PBXFileReference; lastKnownFileType = sourcecode.c.h; path = WCMacroError.h; sourceTree = "<group>"; };
		4F273C6028003F4A006A9221 /* Test_MacroError.m */ = {isa = PBXFileReference; lastKnownFileType = sourcecode.c.objc; path = Test_MacroError.m; sourceTree = "<group>"; };
		4F2BC6B2248253AD00175CEE /* Test_MacroLog.m */ = {isa = PBXFileReference; lastKnownFileType = sourcecode.c.objc; path = Test_MacroLog.m; sourceTree = "<group>"; };
		4F2BC6B4248253F900175CEE /* Test_MacroString.m */ = {isa = PBXFileReference; lastKnownFileType = sourcecode.c.objc; path = Test_MacroString.m; sourceTree = "<group>"; };
		4F2BC6B62482548900175CEE /* Test_MacroDelegate.m */ = {isa = PBXFileReference; lastKnownFileType = sourcecode.c.objc; path = Test_MacroDelegate.m; sourceTree = "<group>"; };
		4F2BC6B82482556000175CEE /* Test_MacroUncategoried.m */ = {isa = PBXFileReference; lastKnownFileType = sourcecode.c.objc; path = Test_MacroUncategoried.m; sourceTree = "<group>"; };
		4F2EB0B829659BE600692CF7 /* Test_ClangMacro.m */ = {isa = PBXFileReference; lastKnownFileType = sourcecode.c.objc; path = Test_ClangMacro.m; sourceTree = "<group>"; };
		4F33FD131FBC0D6C00DE9852 /* WCMacroCompatibility.h */ = {isa = PBXFileReference; lastKnownFileType = sourcecode.c.h; path = WCMacroCompatibility.h; sourceTree = "<group>"; };
		4F45A63029554D1200DD6489 /* Test_MacroLog_WCLogPrefix.m */ = {isa = PBXFileReference; lastKnownFileType = sourcecode.c.objc; path = Test_MacroLog_WCLogPrefix.m; sourceTree = "<group>"; };
		4F45A63229554D5700DD6489 /* Test_MacroLog_WCLog.m */ = {isa = PBXFileReference; lastKnownFileType = sourcecode.c.objc; path = Test_MacroLog_WCLog.m; sourceTree = "<group>"; };
		4F4F055A22955091002BD87A /* WCMacroSynthesize.h */ = {isa = PBXFileReference; lastKnownFileType = sourcecode.c.h; path = WCMacroSynthesize.h; sourceTree = "<group>"; };
		4F4F055C229566CF002BD87A /* Test_MacroSynthesize.m */ = {isa = PBXFileReference; lastKnownFileType = sourcecode.c.objc; path = Test_MacroSynthesize.m; sourceTree = "<group>"; };
		4F50AE30240E9CDE00FB7FE8 /* Test_MacroBlock.m */ = {isa = PBXFileReference; lastKnownFileType = sourcecode.c.objc; path = Test_MacroBlock.m; sourceTree = "<group>"; };
		4F513729231D444F00A17F9A /* WCMacroDollarSign.h */ = {isa = PBXFileReference; lastKnownFileType = sourcecode.c.h; path = WCMacroDollarSign.h; sourceTree = "<group>"; };
		4F5CA92122A009A100F55313 /* Test_MacroSafeValue.m */ = {isa = PBXFileReference; lastKnownFileType = sourcecode.c.objc; path = Test_MacroSafeValue.m; sourceTree = "<group>"; };
		4F5D92891FEA4F06005F137D /* WCCallerTool.h */ = {isa = PBXFileReference; lastKnownFileType = sourcecode.c.h; path = WCCallerTool.h; sourceTree = "<group>"; };
		4F5D928A1FEA4F06005F137D /* WCCallerTool.m */ = {isa = PBXFileReference; lastKnownFileType = sourcecode.c.objc; path = WCCallerTool.m; sourceTree = "<group>"; };
		4F5D928C1FEA502B005F137D /* Test_WCCallerTool_ViewController.h */ = {isa = PBXFileReference; lastKnownFileType = sourcecode.c.h; path = Test_WCCallerTool_ViewController.h; sourceTree = "<group>"; };
		4F5D928D1FEA502B005F137D /* Test_WCCallerTool_ViewController.m */ = {isa = PBXFileReference; lastKnownFileType = sourcecode.c.objc; path = Test_WCCallerTool_ViewController.m; sourceTree = "<group>"; };
		4F61540225E7EFB30033E082 /* WCMacroBreakpoint.h */ = {isa = PBXFileReference; lastKnownFileType = sourcecode.c.h; path = WCMacroBreakpoint.h; sourceTree = "<group>"; };
		4F61540A25E7F0160033E082 /* Test_MacroBreakpoint.m */ = {isa = PBXFileReference; lastKnownFileType = sourcecode.c.objc; path = Test_MacroBreakpoint.m; sourceTree = "<group>"; };
		4F61541225E7F2830033E082 /* Test_BREAKPOINT_MAKE_ON_DEBUG_ViewController.h */ = {isa = PBXFileReference; lastKnownFileType = sourcecode.c.h; path = Test_BREAKPOINT_MAKE_ON_DEBUG_ViewController.h; sourceTree = "<group>"; };
		4F61541325E7F2830033E082 /* Test_BREAKPOINT_MAKE_ON_DEBUG_ViewController.m */ = {isa = PBXFileReference; lastKnownFileType = sourcecode.c.objc; path = Test_BREAKPOINT_MAKE_ON_DEBUG_ViewController.m; sourceTree = "<group>"; };
		4F6635852047A7AB009842DC /* Test_THREAD_SAFE_LAZY_GETTER_BODY_ViewController.h */ = {isa = PBXFileReference; lastKnownFileType = sourcecode.c.h; path = Test_THREAD_SAFE_LAZY_GETTER_BODY_ViewController.h; sourceTree = "<group>"; };
		4F6635862047A7AB009842DC /* Test_THREAD_SAFE_LAZY_GETTER_BODY_ViewController.m */ = {isa = PBXFileReference; lastKnownFileType = sourcecode.c.objc; path = Test_THREAD_SAFE_LAZY_GETTER_BODY_ViewController.m; sourceTree = "<group>"; };
		4F6D7DA72233A49F006639A1 /* WCMacroToolBackend.h */ = {isa = PBXFileReference; lastKnownFileType = sourcecode.c.h; path = WCMacroToolBackend.h; sourceTree = "<group>"; };
		4F6D7DA82233A49F006639A1 /* WCMacroToolBackend.m */ = {isa = PBXFileReference; lastKnownFileType = sourcecode.c.objc; path = WCMacroToolBackend.m; sourceTree = "<group>"; };
		4F6D7DAF2233A877006639A1 /* WCMacroString.h */ = {isa = PBXFileReference; lastKnownFileType = sourcecode.c.h; path = WCMacroString.h; sourceTree = "<group>"; };
		4F6D7DB12233ACC2006639A1 /* WCMacroSafeValue.h */ = {isa = PBXFileReference; lastKnownFileType = sourcecode.c.h; path = WCMacroSafeValue.h; sourceTree = "<group>"; };
		4F6D7DB32233B1D7006639A1 /* WCMacroTool.h */ = {isa = PBXFileReference; lastKnownFileType = sourcecode.c.h; path = WCMacroTool.h; sourceTree = "<group>"; };
		4F6D7DB52233B389006639A1 /* Test_MacroTool.m */ = {isa = PBXFileReference; lastKnownFileType = sourcecode.c.objc; path = Test_MacroTool.m; sourceTree = "<group>"; };
		4F74C2B621FAAFA300A87393 /* TestWeakifyStrongifyViewController.h */ = {isa = PBXFileReference; fileEncoding = 4; lastKnownFileType = sourcecode.c.h; path = TestWeakifyStrongifyViewController.h; sourceTree = "<group>"; };
		4F74C2B721FAAFA300A87393 /* TestWeakifyStrongifyViewController.m */ = {isa = PBXFileReference; fileEncoding = 4; lastKnownFileType = sourcecode.c.objc; path = TestWeakifyStrongifyViewController.m; sourceTree = "<group>"; };
		4F77D9E12411330500BC2BA2 /* WCMacroCode.h */ = {isa = PBXFileReference; lastKnownFileType = sourcecode.c.h; path = WCMacroCode.h; sourceTree = "<group>"; };
		4F77D9E32411347500BC2BA2 /* Test_MacroCode.m */ = {isa = PBXFileReference; lastKnownFileType = sourcecode.c.objc; path = Test_MacroCode.m; sourceTree = "<group>"; };
		4F7D8E8621086D0E00145B00 /* WCMacroKit.framework */ = {isa = PBXFileReference; explicitFileType = wrapper.framework; includeInIndex = 0; path = WCMacroKit.framework; sourceTree = BUILT_PRODUCTS_DIR; };
		4F7D8E8921086D0E00145B00 /* Info.plist */ = {isa = PBXFileReference; lastKnownFileType = text.plist.xml; path = Info.plist; sourceTree = "<group>"; };
		4F7D8E9921087C5500145B00 /* WCMacroUncategoried.h */ = {isa = PBXFileReference; lastKnownFileType = sourcecode.c.h; path = WCMacroUncategoried.h; sourceTree = "<group>"; };
		4F9A2E6A251DED4000349719 /* WCMacroUILayout.h */ = {isa = PBXFileReference; lastKnownFileType = sourcecode.c.h; path = WCMacroUILayout.h; sourceTree = "<group>"; };
		4FA356CD29554DF5008378EB /* MacroLogPrefixTest.h */ = {isa = PBXFileReference; lastKnownFileType = sourcecode.c.h; path = MacroLogPrefixTest.h; sourceTree = "<group>"; };
		4FAEBCF1269FCB6B00050229 /* Test_MacroUILayout.m */ = {isa = PBXFileReference; lastKnownFileType = sourcecode.c.objc; path = Test_MacroUILayout.m; sourceTree = "<group>"; };
		4FB43AD1200CE24500D5D92D /* Test_STR_OF_JSONViewController.h */ = {isa = PBXFileReference; lastKnownFileType = sourcecode.c.h; path = Test_STR_OF_JSONViewController.h; sourceTree = "<group>"; };
		4FB43AD2200CE24500D5D92D /* Test_STR_OF_JSONViewController.m */ = {isa = PBXFileReference; lastKnownFileType = sourcecode.c.objc; path = Test_STR_OF_JSONViewController.m; sourceTree = "<group>"; };
		4FB43AD4200CE2EE00D5D92D /* TestRawStringWithC++11ViewController.h */ = {isa = PBXFileReference; lastKnownFileType = sourcecode.c.h; path = "TestRawStringWithC++11ViewController.h"; sourceTree = "<group>"; };
		4FB43AD5200CE2EE00D5D92D /* TestRawStringWithC++11ViewController.mm */ = {isa = PBXFileReference; lastKnownFileType = sourcecode.cpp.objcpp; path = "TestRawStringWithC++11ViewController.mm"; sourceTree = "<group>"; };
		4FB51DF7263FFBA400EF75CF /* StringEnum.h */ = {isa = PBXFileReference; lastKnownFileType = sourcecode.c.h; path = StringEnum.h; sourceTree = "<group>"; };
		4FB51DF8263FFBA400EF75CF /* StringEnum.m */ = {isa = PBXFileReference; lastKnownFileType = sourcecode.c.objc; path = StringEnum.m; sourceTree = "<group>"; };
		4FC4E03424EE329A0011EE1F /* Test_MacroAssert.m */ = {isa = PBXFileReference; lastKnownFileType = sourcecode.c.objc; path = Test_MacroAssert.m; sourceTree = "<group>"; };
		4FC7823B269C73F0001A8A3D /* ExternalConstantImplementation.h */ = {isa = PBXFileReference; lastKnownFileType = sourcecode.c.h; path = ExternalConstantImplementation.h; sourceTree = "<group>"; };
		4FC7823C269C73F0001A8A3D /* ExternalConstantImplementation.m */ = {isa = PBXFileReference; lastKnownFileType = sourcecode.c.objc; path = ExternalConstantImplementation.m; sourceTree = "<group>"; };
		4FF35E56269805380050F3A0 /* ExternalFunctionImplementation.h */ = {isa = PBXFileReference; lastKnownFileType = sourcecode.c.h; path = ExternalFunctionImplementation.h; sourceTree = "<group>"; };
		4FF35E57269805380050F3A0 /* ExternalFunctionImplementation.m */ = {isa = PBXFileReference; lastKnownFileType = sourcecode.c.objc; path = ExternalFunctionImplementation.m; sourceTree = "<group>"; };
		4FFF460B2404D3E6007D2737 /* Test_MacroCompatibility.m */ = {isa = PBXFileReference; lastKnownFileType = sourcecode.c.objc; path = Test_MacroCompatibility.m; sourceTree = "<group>"; };
		68AB5CB56DFA59C2AEB8F409 /* Pods-AppTest.debug.xcconfig */ = {isa = PBXFileReference; includeInIndex = 1; lastKnownFileType = text.xcconfig; name = "Pods-AppTest.debug.xcconfig"; path = "Target Support Files/Pods-AppTest/Pods-AppTest.debug.xcconfig"; sourceTree = "<group>"; };
		7E1C37B795C2791FBEEEF619 /* libPods-WCMacroKit.a */ = {isa = PBXFileReference; explicitFileType = archive.ar; includeInIndex = 0; path = "libPods-WCMacroKit.a"; sourceTree = BUILT_PRODUCTS_DIR; };
		BBFF3A3A3CA44CE8917F36BC /* Pods-WCMacroKit.debug.xcconfig */ = {isa = PBXFileReference; includeInIndex = 1; lastKnownFileType = text.xcconfig; name = "Pods-WCMacroKit.debug.xcconfig"; path = "Target Support Files/Pods-WCMacroKit/Pods-WCMacroKit.debug.xcconfig"; sourceTree = "<group>"; };
/* End PBXFileReference section */

/* Begin PBXFrameworksBuildPhase section */
		2BE400C21D73272500A48174 /* Frameworks */ = {
			isa = PBXFrameworksBuildPhase;
			buildActionMask = 2147483647;
			files = (
				4F6D7DAE2233A561006639A1 /* WCMacroKit.framework in Frameworks */,
				8C9652C234596AD72AC30949 /* libPods-AppTest.a in Frameworks */,
			);
			runOnlyForDeploymentPostprocessing = 0;
		};
		2BE400DE1D73273200A48174 /* Frameworks */ = {
			isa = PBXFrameworksBuildPhase;
			buildActionMask = 2147483647;
			files = (
			);
			runOnlyForDeploymentPostprocessing = 0;
		};
		4F7D8E8221086D0E00145B00 /* Frameworks */ = {
			isa = PBXFrameworksBuildPhase;
			buildActionMask = 2147483647;
			files = (
				026C0C1D4193B095F503078C /* libPods-WCMacroKit.a in Frameworks */,
			);
			runOnlyForDeploymentPostprocessing = 0;
		};
/* End PBXFrameworksBuildPhase section */

/* Begin PBXGroup section */
		2B44B17A1D952C6C00B23550 /* AppTestDemos */ = {
			isa = PBXGroup;
			children = (
				4F74C2B621FAAFA300A87393 /* TestWeakifyStrongifyViewController.h */,
				4F74C2B721FAAFA300A87393 /* TestWeakifyStrongifyViewController.m */,
				2BC566191D9545BC000A49EE /* Test_SYNTHESIZE_ASSOCIATED_XXX.h */,
				2BC5661A1D9545BC000A49EE /* Test_SYNTHESIZE_ASSOCIATED_XXX.m */,
				4FB43AD4200CE2EE00D5D92D /* TestRawStringWithC++11ViewController.h */,
				4FB43AD5200CE2EE00D5D92D /* TestRawStringWithC++11ViewController.mm */,
				4F5D928D1FEA502B005F137D /* Test_WCCallerTool_ViewController.m */,
				4F5D928C1FEA502B005F137D /* Test_WCCallerTool_ViewController.h */,
				4FB43AD1200CE24500D5D92D /* Test_STR_OF_JSONViewController.h */,
				4FB43AD2200CE24500D5D92D /* Test_STR_OF_JSONViewController.m */,
				4F6635852047A7AB009842DC /* Test_THREAD_SAFE_LAZY_GETTER_BODY_ViewController.h */,
				4F6635862047A7AB009842DC /* Test_THREAD_SAFE_LAZY_GETTER_BODY_ViewController.m */,
				4F61541225E7F2830033E082 /* Test_BREAKPOINT_MAKE_ON_DEBUG_ViewController.h */,
				4F61541325E7F2830033E082 /* Test_BREAKPOINT_MAKE_ON_DEBUG_ViewController.m */,
			);
			path = AppTestDemos;
			sourceTree = "<group>";
		};
		2BE400BA1D73271A00A48174 = {
			isa = PBXGroup;
			children = (
				2BE400EB1D73276A00A48174 /* WCMacroKit */,
				2BE400C71D73272500A48174 /* AppTest */,
				2BE400E21D73273200A48174 /* Test */,
				2BE400C61D73272500A48174 /* Products */,
				4F6D7DAD2233A561006639A1 /* Frameworks */,
				6AE76BDF78986A7B418027D7 /* Pods */,
			);
			sourceTree = "<group>";
		};
		2BE400C61D73272500A48174 /* Products */ = {
			isa = PBXGroup;
			children = (
				2BE400C51D73272500A48174 /* AppTest.app */,
				2BE400E11D73273200A48174 /* Test.xctest */,
				4F7D8E8621086D0E00145B00 /* WCMacroKit.framework */,
			);
			name = Products;
			sourceTree = "<group>";
		};
		2BE400C71D73272500A48174 /* AppTest */ = {
			isa = PBXGroup;
			children = (
				2B44B17A1D952C6C00B23550 /* AppTestDemos */,
				2BE400CB1D73272500A48174 /* AppDelegate.h */,
				2BE400CC1D73272500A48174 /* AppDelegate.m */,
				2B44B1771D952BB100B23550 /* RootViewController.h */,
				2B44B1781D952BB100B23550 /* RootViewController.m */,
				2BE400D41D73272500A48174 /* Assets.xcassets */,
				2BE400D61D73272500A48174 /* LaunchScreen.storyboard */,
				2BE400D91D73272500A48174 /* Info.plist */,
				2BE400C81D73272500A48174 /* Supporting Files */,
			);
			path = AppTest;
			sourceTree = "<group>";
		};
		2BE400C81D73272500A48174 /* Supporting Files */ = {
			isa = PBXGroup;
			children = (
				2BE400C91D73272500A48174 /* main.m */,
			);
			name = "Supporting Files";
			sourceTree = "<group>";
		};
		2BE400E21D73273200A48174 /* Test */ = {
			isa = PBXGroup;
			children = (
				4FB51DF6263FFB8C00EF75CF /* Dummy */,
				4FA356CD29554DF5008378EB /* MacroLogPrefixTest.h */,
				2BE400E31D73273200A48174 /* Test.m */,
				4F2EB0B829659BE600692CF7 /* Test_ClangMacro.m */,
				4F20EBAA29697A6E0029B8B9 /* Test_GCCMacro.m */,
				4FC4E03424EE329A0011EE1F /* Test_MacroAssert.m */,
				4F172408231BD10E00483D53 /* Test_MacroAttribute.m */,
				4F19C23F24C0471D00A9F1C0 /* Test_MacroAttributedString.m */,
				4F50AE30240E9CDE00FB7FE8 /* Test_MacroBlock.m */,
				4F61540A25E7F0160033E082 /* Test_MacroBreakpoint.m */,
				4F77D9E32411347500BC2BA2 /* Test_MacroCode.m */,
				4F13DCF624C9948C00CD5DE9 /* Test_MacroColor.m */,
				4FFF460B2404D3E6007D2737 /* Test_MacroCompatibility.m */,
				4F2BC6B62482548900175CEE /* Test_MacroDelegate.m */,
				4F273C6028003F4A006A9221 /* Test_MacroError.m */,
				4F2BC6B2248253AD00175CEE /* Test_MacroLog.m */,
				4F45A63229554D5700DD6489 /* Test_MacroLog_WCLog.m */,
				4F45A63029554D1200DD6489 /* Test_MacroLog_WCLogPrefix.m */,
				4F5CA92122A009A100F55313 /* Test_MacroSafeValue.m */,
				4F2BC6B4248253F900175CEE /* Test_MacroString.m */,
				4F4F055C229566CF002BD87A /* Test_MacroSynthesize.m */,
				4F6D7DB52233B389006639A1 /* Test_MacroTool.m */,
				4F2BC6B82482556000175CEE /* Test_MacroUncategoried.m */,
				4FAEBCF1269FCB6B00050229 /* Test_MacroUILayout.m */,
				4F03AEBA208E310500186DE1 /* Test_DelegateCaller_DELEGATE_SAFE_CALL_WITH_RETURN_PRIMITIVE.m */,
				2BE400E51D73273200A48174 /* Info.plist */,
			);
			path = Test;
			sourceTree = "<group>";
		};
		2BE400EB1D73276A00A48174 /* WCMacroKit */ = {
			isa = PBXGroup;
			children = (
				4F7D8E8F21086E4000145B00 /* WCMacroKit-SupportFiles */,
				2BE400EC1D73276A00A48174 /* WCMacroKit.h */,
				2BE400F31D7330B500A48174 /* WCMacroAssert.h */,
				4F172407231BD03500483D53 /* WCMacroAttribute.h */,
				4F1A055C24BF2A4E00DBE662 /* WCMacroAttributedString.h */,
				2BE400F11D732F6500A48174 /* WCMacroBlock.h */,
				4F61540225E7EFB30033E082 /* WCMacroBreakpoint.h */,
				4F77D9E12411330500BC2BA2 /* WCMacroCode.h */,
				2BE400EE1D732D2D00A48174 /* WCMacroColor.h */,
				4F33FD131FBC0D6C00DE9852 /* WCMacroCompatibility.h */,
				2BE400F21D732F7300A48174 /* WCMacroDelegate.h */,
				4F513729231D444F00A17F9A /* WCMacroDollarSign.h */,
				4F273C5E28003DA1006A9221 /* WCMacroError.h */,
				2BE400F01D732E4B00A48174 /* WCMacroLog.h */,
				4F6D7DB12233ACC2006639A1 /* WCMacroSafeValue.h */,
				4F6D7DAF2233A877006639A1 /* WCMacroString.h */,
				4F4F055A22955091002BD87A /* WCMacroSynthesize.h */,
				4F0FDE2124791FBA0079ADF8 /* WCMacroThread.h */,
				4F6D7DB32233B1D7006639A1 /* WCMacroTool.h */,
				4F6D7DA72233A49F006639A1 /* WCMacroToolBackend.h */,
				4F6D7DA82233A49F006639A1 /* WCMacroToolBackend.m */,
				4F9A2E6A251DED4000349719 /* WCMacroUILayout.h */,
				4F7D8E9921087C5500145B00 /* WCMacroUncategoried.h */,
				2BE400EF1D732DF500A48174 /* WCMacroVersion.h */,
				4F5D92891FEA4F06005F137D /* WCCallerTool.h */,
				4F5D928A1FEA4F06005F137D /* WCCallerTool.m */,
			);
			path = WCMacroKit;
			sourceTree = "<group>";
		};
		4F6D7DAD2233A561006639A1 /* Frameworks */ = {
			isa = PBXGroup;
			children = (
				2E240A99029B3BD08F20C2A3 /* libPods-AppTest.a */,
				7E1C37B795C2791FBEEEF619 /* libPods-WCMacroKit.a */,
			);
			name = Frameworks;
			sourceTree = "<group>";
		};
		4F7D8E8F21086E4000145B00 /* WCMacroKit-SupportFiles */ = {
			isa = PBXGroup;
			children = (
				4F7D8E8921086D0E00145B00 /* Info.plist */,
			);
			path = "WCMacroKit-SupportFiles";
			sourceTree = SOURCE_ROOT;
		};
		4FB51DF6263FFB8C00EF75CF /* Dummy */ = {
			isa = PBXGroup;
			children = (
				4FB51DF7263FFBA400EF75CF /* StringEnum.h */,
				4FB51DF8263FFBA400EF75CF /* StringEnum.m */,
				4FF35E56269805380050F3A0 /* ExternalFunctionImplementation.h */,
				4FF35E57269805380050F3A0 /* ExternalFunctionImplementation.m */,
				4FC7823B269C73F0001A8A3D /* ExternalConstantImplementation.h */,
				4FC7823C269C73F0001A8A3D /* ExternalConstantImplementation.m */,
			);
			path = Dummy;
			sourceTree = "<group>";
		};
		6AE76BDF78986A7B418027D7 /* Pods */ = {
			isa = PBXGroup;
			children = (
				68AB5CB56DFA59C2AEB8F409 /* Pods-AppTest.debug.xcconfig */,
				0787CC9E40DD8F08E42120B2 /* Pods-AppTest.release.xcconfig */,
				BBFF3A3A3CA44CE8917F36BC /* Pods-WCMacroKit.debug.xcconfig */,
				3B0E1E8730E9CA0C8C488CD3 /* Pods-WCMacroKit.release.xcconfig */,
			);
			name = Pods;
			path = Pods;
			sourceTree = "<group>";
		};
/* End PBXGroup section */

/* Begin PBXHeadersBuildPhase section */
		4F7D8E8321086D0E00145B00 /* Headers */ = {
			isa = PBXHeadersBuildPhase;
			buildActionMask = 2147483647;
			files = (
				4F77D9E22411330500BC2BA2 /* WCMacroCode.h in Headers */,
				4F273C5F28003DA1006A9221 /* WCMacroError.h in Headers */,
				4F7D8E9021086EE300145B00 /* WCMacroKit.h in Headers */,
				4F7D8E9121086EE300145B00 /* WCMacroColor.h in Headers */,
				4F6D7DB22233ACC2006639A1 /* WCMacroSafeValue.h in Headers */,
				4F61540325E7EFC40033E082 /* WCMacroBreakpoint.h in Headers */,
				4F7D8E9221086EE300145B00 /* WCMacroVersion.h in Headers */,
				4F7D8E9321086EE300145B00 /* WCMacroLog.h in Headers */,
				4F4F055B229550E8002BD87A /* WCMacroSynthesize.h in Headers */,
				4F7D8E9421086EE300145B00 /* WCMacroBlock.h in Headers */,
				4F9A2E6B251DED4000349719 /* WCMacroUILayout.h in Headers */,
				4F7D8E9521086EE300145B00 /* WCMacroDelegate.h in Headers */,
				4F17240A231BD16F00483D53 /* WCMacroAttribute.h in Headers */,
				4F1A055D24BF2A7700DBE662 /* WCMacroAttributedString.h in Headers */,
				4F6D7DA92233A49F006639A1 /* WCMacroToolBackend.h in Headers */,
				4F7D8E9621086EE300145B00 /* WCMacroAssert.h in Headers */,
				4F6D7DB42233B1D7006639A1 /* WCMacroTool.h in Headers */,
				4F6D7DB02233A877006639A1 /* WCMacroString.h in Headers */,
				4F7D8E9721086EE300145B00 /* WCMacroCompatibility.h in Headers */,
				4F7D8E9821086EE300145B00 /* WCCallerTool.h in Headers */,
				4F2BC6BA2482567200175CEE /* WCMacroThread.h in Headers */,
				4F7D8E9A21087C5500145B00 /* WCMacroUncategoried.h in Headers */,
				4F51372A231D444F00A17F9A /* WCMacroDollarSign.h in Headers */,
			);
			runOnlyForDeploymentPostprocessing = 0;
		};
/* End PBXHeadersBuildPhase section */

/* Begin PBXNativeTarget section */
		2BE400C41D73272500A48174 /* AppTest */ = {
			isa = PBXNativeTarget;
			buildConfigurationList = 2BE400DA1D73272500A48174 /* Build configuration list for PBXNativeTarget "AppTest" */;
			buildPhases = (
				4AC9F13D1BC526B40B8DF811 /* [CP] Check Pods Manifest.lock */,
				2BE400C11D73272500A48174 /* Sources */,
				2BE400C21D73272500A48174 /* Frameworks */,
				2BE400C31D73272500A48174 /* Resources */,
				4F61542E25E7F5AC0033E082 /* CopyFiles */,
			);
			buildRules = (
			);
			dependencies = (
				4F6D7DAC2233A55B006639A1 /* PBXTargetDependency */,
			);
			name = AppTest;
			productName = AppTest;
			productReference = 2BE400C51D73272500A48174 /* AppTest.app */;
			productType = "com.apple.product-type.application";
		};
		2BE400E01D73273200A48174 /* Test */ = {
			isa = PBXNativeTarget;
			buildConfigurationList = 2BE400E81D73273200A48174 /* Build configuration list for PBXNativeTarget "Test" */;
			buildPhases = (
				2BE400DD1D73273200A48174 /* Sources */,
				2BE400DE1D73273200A48174 /* Frameworks */,
				2BE400DF1D73273200A48174 /* Resources */,
			);
			buildRules = (
			);
			dependencies = (
				2BE400E71D73273200A48174 /* PBXTargetDependency */,
			);
			name = Test;
			productName = Test;
			productReference = 2BE400E11D73273200A48174 /* Test.xctest */;
			productType = "com.apple.product-type.bundle.unit-test";
		};
		4F7D8E8521086D0E00145B00 /* WCMacroKit */ = {
			isa = PBXNativeTarget;
			buildConfigurationList = 4F7D8E8D21086D0E00145B00 /* Build configuration list for PBXNativeTarget "WCMacroKit" */;
			buildPhases = (
				BBE5A3CC5EFFC2004B381DE4 /* [CP] Check Pods Manifest.lock */,
				4F7D8E8121086D0E00145B00 /* Sources */,
				4F7D8E8221086D0E00145B00 /* Frameworks */,
				4F7D8E8321086D0E00145B00 /* Headers */,
				4F7D8E8421086D0E00145B00 /* Resources */,
			);
			buildRules = (
			);
			dependencies = (
			);
			name = WCMacroKit;
			productName = WCMacroKit;
			productReference = 4F7D8E8621086D0E00145B00 /* WCMacroKit.framework */;
			productType = "com.apple.product-type.framework";
		};
/* End PBXNativeTarget section */

/* Begin PBXProject section */
		2BE400BB1D73271A00A48174 /* Project object */ = {
			isa = PBXProject;
			attributes = {
				LastUpgradeCheck = 1200;
				TargetAttributes = {
					2BE400C41D73272500A48174 = {
						CreatedOnToolsVersion = 8.0;
						DevelopmentTeam = U7337LU6F2;
						DevelopmentTeamName = "陈 亮 (Personal Team)";
						ProvisioningStyle = Automatic;
					};
					2BE400E01D73273200A48174 = {
						CreatedOnToolsVersion = 8.0;
						DevelopmentTeam = QVRKK2EEDF;
						DevelopmentTeamName = "陈 亮 (Personal Team)";
						ProvisioningStyle = Automatic;
						TestTargetID = 2BE400C41D73272500A48174;
					};
					4F7D8E8521086D0E00145B00 = {
						CreatedOnToolsVersion = 9.4;
						ProvisioningStyle = Automatic;
					};
				};
			};
			buildConfigurationList = 2BE400BE1D73271A00A48174 /* Build configuration list for PBXProject "WCMacroKit" */;
			compatibilityVersion = "Xcode 3.2";
			developmentRegion = en;
			hasScannedForEncodings = 0;
			knownRegions = (
				en,
				Base,
			);
			mainGroup = 2BE400BA1D73271A00A48174;
			productRefGroup = 2BE400C61D73272500A48174 /* Products */;
			projectDirPath = "";
			projectRoot = "";
			targets = (
				2BE400C41D73272500A48174 /* AppTest */,
				2BE400E01D73273200A48174 /* Test */,
				4F7D8E8521086D0E00145B00 /* WCMacroKit */,
			);
		};
/* End PBXProject section */

/* Begin PBXResourcesBuildPhase section */
		2BE400C31D73272500A48174 /* Resources */ = {
			isa = PBXResourcesBuildPhase;
			buildActionMask = 2147483647;
			files = (
				2BE400D81D73272500A48174 /* LaunchScreen.storyboard in Resources */,
				2BE400D51D73272500A48174 /* Assets.xcassets in Resources */,
			);
			runOnlyForDeploymentPostprocessing = 0;
		};
		2BE400DF1D73273200A48174 /* Resources */ = {
			isa = PBXResourcesBuildPhase;
			buildActionMask = 2147483647;
			files = (
			);
			runOnlyForDeploymentPostprocessing = 0;
		};
		4F7D8E8421086D0E00145B00 /* Resources */ = {
			isa = PBXResourcesBuildPhase;
			buildActionMask = 2147483647;
			files = (
			);
			runOnlyForDeploymentPostprocessing = 0;
		};
/* End PBXResourcesBuildPhase section */

/* Begin PBXShellScriptBuildPhase section */
		4AC9F13D1BC526B40B8DF811 /* [CP] Check Pods Manifest.lock */ = {
			isa = PBXShellScriptBuildPhase;
			buildActionMask = 2147483647;
			files = (
			);
			inputFileListPaths = (
			);
			inputPaths = (
				"${PODS_PODFILE_DIR_PATH}/Podfile.lock",
				"${PODS_ROOT}/Manifest.lock",
			);
			name = "[CP] Check Pods Manifest.lock";
			outputFileListPaths = (
			);
			outputPaths = (
				"$(DERIVED_FILE_DIR)/Pods-AppTest-checkManifestLockResult.txt",
			);
			runOnlyForDeploymentPostprocessing = 0;
			shellPath = /bin/sh;
			shellScript = "diff \"${PODS_PODFILE_DIR_PATH}/Podfile.lock\" \"${PODS_ROOT}/Manifest.lock\" > /dev/null\nif [ $? != 0 ] ; then\n    # print error to STDERR\n    echo \"error: The sandbox is not in sync with the Podfile.lock. Run 'pod install' or update your CocoaPods installation.\" >&2\n    exit 1\nfi\n# This output is used by Xcode 'outputs' to avoid re-running this script phase.\necho \"SUCCESS\" > \"${SCRIPT_OUTPUT_FILE_0}\"\n";
			showEnvVarsInLog = 0;
		};
		BBE5A3CC5EFFC2004B381DE4 /* [CP] Check Pods Manifest.lock */ = {
			isa = PBXShellScriptBuildPhase;
			buildActionMask = 2147483647;
			files = (
			);
			inputFileListPaths = (
			);
			inputPaths = (
				"${PODS_PODFILE_DIR_PATH}/Podfile.lock",
				"${PODS_ROOT}/Manifest.lock",
			);
			name = "[CP] Check Pods Manifest.lock";
			outputFileListPaths = (
			);
			outputPaths = (
				"$(DERIVED_FILE_DIR)/Pods-WCMacroKit-checkManifestLockResult.txt",
			);
			runOnlyForDeploymentPostprocessing = 0;
			shellPath = /bin/sh;
			shellScript = "diff \"${PODS_PODFILE_DIR_PATH}/Podfile.lock\" \"${PODS_ROOT}/Manifest.lock\" > /dev/null\nif [ $? != 0 ] ; then\n    # print error to STDERR\n    echo \"error: The sandbox is not in sync with the Podfile.lock. Run 'pod install' or update your CocoaPods installation.\" >&2\n    exit 1\nfi\n# This output is used by Xcode 'outputs' to avoid re-running this script phase.\necho \"SUCCESS\" > \"${SCRIPT_OUTPUT_FILE_0}\"\n";
			showEnvVarsInLog = 0;
		};
/* End PBXShellScriptBuildPhase section */

/* Begin PBXSourcesBuildPhase section */
		2BE400C11D73272500A48174 /* Sources */ = {
			isa = PBXSourcesBuildPhase;
			buildActionMask = 2147483647;
			files = (
				2BE400CD1D73272500A48174 /* AppDelegate.m in Sources */,
				4F5D928E1FEA502B005F137D /* Test_WCCallerTool_ViewController.m in Sources */,
				4F74C2B821FAAFA300A87393 /* TestWeakifyStrongifyViewController.m in Sources */,
				4FB43AD3200CE24500D5D92D /* Test_STR_OF_JSONViewController.m in Sources */,
				4F61541425E7F2830033E082 /* Test_BREAKPOINT_MAKE_ON_DEBUG_ViewController.m in Sources */,
				2BC5661B1D9545BC000A49EE /* Test_SYNTHESIZE_ASSOCIATED_XXX.m in Sources */,
				4F6635872047A7AB009842DC /* Test_THREAD_SAFE_LAZY_GETTER_BODY_ViewController.m in Sources */,
				4FB43AD6200CE2EE00D5D92D /* TestRawStringWithC++11ViewController.mm in Sources */,
				2B44B1791D952BB100B23550 /* RootViewController.m in Sources */,
				2BE400CA1D73272500A48174 /* main.m in Sources */,
			);
			runOnlyForDeploymentPostprocessing = 0;
		};
		2BE400DD1D73273200A48174 /* Sources */ = {
			isa = PBXSourcesBuildPhase;
			buildActionMask = 2147483647;
			files = (
				4F20EBAB29697A6E0029B8B9 /* Test_GCCMacro.m in Sources */,
				4FC4E03524EE329A0011EE1F /* Test_MacroAssert.m in Sources */,
				4F273C6128003F4A006A9221 /* Test_MacroError.m in Sources */,
				4F50AE31240E9CDE00FB7FE8 /* Test_MacroBlock.m in Sources */,
				4F45A63129554D1200DD6489 /* Test_MacroLog_WCLogPrefix.m in Sources */,
				4F19C24024C0471D00A9F1C0 /* Test_MacroAttributedString.m in Sources */,
				4F77D9E42411347500BC2BA2 /* Test_MacroCode.m in Sources */,
				4FAEBCF2269FCB6B00050229 /* Test_MacroUILayout.m in Sources */,
				4F5CA92222A009A100F55313 /* Test_MacroSafeValue.m in Sources */,
				4FFF460C2404D3E6007D2737 /* Test_MacroCompatibility.m in Sources */,
				4F2EB0B929659BE600692CF7 /* Test_ClangMacro.m in Sources */,
				4F4F055D229566CF002BD87A /* Test_MacroSynthesize.m in Sources */,
				4F2BC6B3248253AD00175CEE /* Test_MacroLog.m in Sources */,
				2BE400E41D73273200A48174 /* Test.m in Sources */,
				4F2BC6B72482548900175CEE /* Test_MacroDelegate.m in Sources */,
				4F03AEBB208E310500186DE1 /* Test_DelegateCaller_DELEGATE_SAFE_CALL_WITH_RETURN_PRIMITIVE.m in Sources */,
				4FB51DF9263FFBA400EF75CF /* StringEnum.m in Sources */,
				4F2BC6B92482556000175CEE /* Test_MacroUncategoried.m in Sources */,
				4F13DCF724C9948C00CD5DE9 /* Test_MacroColor.m in Sources */,
				4F6D7DB62233B389006639A1 /* Test_MacroTool.m in Sources */,
				4F172409231BD10E00483D53 /* Test_MacroAttribute.m in Sources */,
				4FC7823D269C73F0001A8A3D /* ExternalConstantImplementation.m in Sources */,
				4F2BC6B5248253F900175CEE /* Test_MacroString.m in Sources */,
				4F61540B25E7F0170033E082 /* Test_MacroBreakpoint.m in Sources */,
				4F45A63329554D5700DD6489 /* Test_MacroLog_WCLog.m in Sources */,
				4FF35E58269805380050F3A0 /* ExternalFunctionImplementation.m in Sources */,
			);
			runOnlyForDeploymentPostprocessing = 0;
		};
		4F7D8E8121086D0E00145B00 /* Sources */ = {
			isa = PBXSourcesBuildPhase;
			buildActionMask = 2147483647;
			files = (
				4F6D7DAA2233A49F006639A1 /* WCMacroToolBackend.m in Sources */,
				4F7D8E8E21086D2000145B00 /* WCCallerTool.m in Sources */,
			);
			runOnlyForDeploymentPostprocessing = 0;
		};
/* End PBXSourcesBuildPhase section */

/* Begin PBXTargetDependency section */
		2BE400E71D73273200A48174 /* PBXTargetDependency */ = {
			isa = PBXTargetDependency;
			target = 2BE400C41D73272500A48174 /* AppTest */;
			targetProxy = 2BE400E61D73273200A48174 /* PBXContainerItemProxy */;
		};
		4F6D7DAC2233A55B006639A1 /* PBXTargetDependency */ = {
			isa = PBXTargetDependency;
			target = 4F7D8E8521086D0E00145B00 /* WCMacroKit */;
			targetProxy = 4F6D7DAB2233A55B006639A1 /* PBXContainerItemProxy */;
		};
/* End PBXTargetDependency section */

/* Begin PBXVariantGroup section */
		2BE400D61D73272500A48174 /* LaunchScreen.storyboard */ = {
			isa = PBXVariantGroup;
			children = (
				2BE400D71D73272500A48174 /* Base */,
			);
			name = LaunchScreen.storyboard;
			sourceTree = "<group>";
		};
/* End PBXVariantGroup section */

/* Begin XCBuildConfiguration section */
		2BE400BF1D73271A00A48174 /* Debug */ = {
			isa = XCBuildConfiguration;
			buildSettings = {
				CLANG_ANALYZER_LOCALIZABILITY_NONLOCALIZED = YES;
				CLANG_WARN_BLOCK_CAPTURE_AUTORELEASING = YES;
				CLANG_WARN_BOOL_CONVERSION = YES;
				CLANG_WARN_COMMA = YES;
				CLANG_WARN_CONSTANT_CONVERSION = YES;
				CLANG_WARN_DEPRECATED_OBJC_IMPLEMENTATIONS = YES;
				CLANG_WARN_EMPTY_BODY = YES;
				CLANG_WARN_ENUM_CONVERSION = YES;
				CLANG_WARN_INFINITE_RECURSION = YES;
				CLANG_WARN_INT_CONVERSION = YES;
				CLANG_WARN_NON_LITERAL_NULL_CONVERSION = YES;
				CLANG_WARN_OBJC_IMPLICIT_RETAIN_SELF = YES;
				CLANG_WARN_OBJC_LITERAL_CONVERSION = YES;
				CLANG_WARN_QUOTED_INCLUDE_IN_FRAMEWORK_HEADER = YES;
				CLANG_WARN_RANGE_LOOP_ANALYSIS = YES;
				CLANG_WARN_STRICT_PROTOTYPES = YES;
				CLANG_WARN_SUSPICIOUS_MOVE = YES;
				CLANG_WARN_UNREACHABLE_CODE = YES;
				CLANG_WARN__DUPLICATE_METHOD_MATCH = YES;
				ENABLE_STRICT_OBJC_MSGSEND = YES;
				ENABLE_TESTABILITY = YES;
				GCC_NO_COMMON_BLOCKS = YES;
				GCC_WARN_64_TO_32_BIT_CONVERSION = YES;
				GCC_WARN_ABOUT_RETURN_TYPE = YES;
				GCC_WARN_UNDECLARED_SELECTOR = YES;
				GCC_WARN_UNINITIALIZED_AUTOS = YES;
				GCC_WARN_UNUSED_FUNCTION = YES;
				GCC_WARN_UNUSED_VARIABLE = YES;
				IPHONEOS_DEPLOYMENT_TARGET = 9.0;
				ONLY_ACTIVE_ARCH = YES;
			};
			name = Debug;
		};
		2BE400C01D73271A00A48174 /* Release */ = {
			isa = XCBuildConfiguration;
			buildSettings = {
				CLANG_ANALYZER_LOCALIZABILITY_NONLOCALIZED = YES;
				CLANG_WARN_BLOCK_CAPTURE_AUTORELEASING = YES;
				CLANG_WARN_BOOL_CONVERSION = YES;
				CLANG_WARN_COMMA = YES;
				CLANG_WARN_CONSTANT_CONVERSION = YES;
				CLANG_WARN_DEPRECATED_OBJC_IMPLEMENTATIONS = YES;
				CLANG_WARN_EMPTY_BODY = YES;
				CLANG_WARN_ENUM_CONVERSION = YES;
				CLANG_WARN_INFINITE_RECURSION = YES;
				CLANG_WARN_INT_CONVERSION = YES;
				CLANG_WARN_NON_LITERAL_NULL_CONVERSION = YES;
				CLANG_WARN_OBJC_IMPLICIT_RETAIN_SELF = YES;
				CLANG_WARN_OBJC_LITERAL_CONVERSION = YES;
				CLANG_WARN_QUOTED_INCLUDE_IN_FRAMEWORK_HEADER = YES;
				CLANG_WARN_RANGE_LOOP_ANALYSIS = YES;
				CLANG_WARN_STRICT_PROTOTYPES = YES;
				CLANG_WARN_SUSPICIOUS_MOVE = YES;
				CLANG_WARN_UNREACHABLE_CODE = YES;
				CLANG_WARN__DUPLICATE_METHOD_MATCH = YES;
				ENABLE_STRICT_OBJC_MSGSEND = YES;
				GCC_NO_COMMON_BLOCKS = YES;
				GCC_WARN_64_TO_32_BIT_CONVERSION = YES;
				GCC_WARN_ABOUT_RETURN_TYPE = YES;
				GCC_WARN_UNDECLARED_SELECTOR = YES;
				GCC_WARN_UNINITIALIZED_AUTOS = YES;
				GCC_WARN_UNUSED_FUNCTION = YES;
				GCC_WARN_UNUSED_VARIABLE = YES;
				IPHONEOS_DEPLOYMENT_TARGET = 9.0;
			};
			name = Release;
		};
		2BE400DB1D73272500A48174 /* Debug */ = {
			isa = XCBuildConfiguration;
			baseConfigurationReference = 68AB5CB56DFA59C2AEB8F409 /* Pods-AppTest.debug.xcconfig */;
			buildSettings = {
				ALWAYS_SEARCH_USER_PATHS = NO;
				ASSETCATALOG_COMPILER_APPICON_NAME = AppIcon;
				CLANG_ANALYZER_NONNULL = YES;
				CLANG_CXX_LANGUAGE_STANDARD = "gnu++0x";
				CLANG_CXX_LIBRARY = "libc++";
				CLANG_ENABLE_MODULES = YES;
				CLANG_ENABLE_OBJC_ARC = YES;
				CLANG_WARN_BOOL_CONVERSION = YES;
				CLANG_WARN_CONSTANT_CONVERSION = YES;
				CLANG_WARN_DIRECT_OBJC_ISA_USAGE = YES_ERROR;
				CLANG_WARN_DOCUMENTATION_COMMENTS = YES;
				CLANG_WARN_EMPTY_BODY = YES;
				CLANG_WARN_ENUM_CONVERSION = YES;
				CLANG_WARN_INT_CONVERSION = YES;
				CLANG_WARN_OBJC_ROOT_CLASS = YES_ERROR;
				CLANG_WARN_UNREACHABLE_CODE = YES;
				CLANG_WARN__DUPLICATE_METHOD_MATCH = YES;
				"CODE_SIGN_IDENTITY[sdk=iphoneos*]" = "iPhone Developer";
				COPY_PHASE_STRIP = NO;
				DEBUG_INFORMATION_FORMAT = dwarf;
				DEVELOPMENT_TEAM = U7337LU6F2;
				ENABLE_BITCODE = NO;
				ENABLE_STRICT_OBJC_MSGSEND = YES;
				ENABLE_TESTABILITY = YES;
				GCC_C_LANGUAGE_STANDARD = gnu99;
				GCC_DYNAMIC_NO_PIC = NO;
				GCC_NO_COMMON_BLOCKS = YES;
				GCC_OPTIMIZATION_LEVEL = 0;
				GCC_PREPROCESSOR_DEFINITIONS = (
					"DEBUG=1",
					"$(inherited)",
				);
				GCC_WARN_64_TO_32_BIT_CONVERSION = YES;
				GCC_WARN_ABOUT_RETURN_TYPE = YES_ERROR;
				GCC_WARN_UNDECLARED_SELECTOR = YES;
				GCC_WARN_UNINITIALIZED_AUTOS = YES_AGGRESSIVE;
				GCC_WARN_UNUSED_FUNCTION = YES;
				GCC_WARN_UNUSED_VARIABLE = YES;
				INFOPLIST_FILE = AppTest/Info.plist;
				LD_RUNPATH_SEARCH_PATHS = "$(inherited) @executable_path/Frameworks";
				MTL_ENABLE_DEBUG_INFO = YES;
				ONLY_ACTIVE_ARCH = YES;
				OTHER_LDFLAGS = "-Wl,-U,_OBJC_CLASS_$_WCCallerTool";
				PRODUCT_BUNDLE_IDENTIFIER = com.wc.AppTest2;
				PRODUCT_NAME = "$(TARGET_NAME)";
				SDKROOT = iphoneos;
			};
			name = Debug;
		};
		2BE400DC1D73272500A48174 /* Release */ = {
			isa = XCBuildConfiguration;
			baseConfigurationReference = 0787CC9E40DD8F08E42120B2 /* Pods-AppTest.release.xcconfig */;
			buildSettings = {
				ALWAYS_SEARCH_USER_PATHS = NO;
				ASSETCATALOG_COMPILER_APPICON_NAME = AppIcon;
				CLANG_ANALYZER_NONNULL = YES;
				CLANG_CXX_LANGUAGE_STANDARD = "gnu++0x";
				CLANG_CXX_LIBRARY = "libc++";
				CLANG_ENABLE_MODULES = YES;
				CLANG_ENABLE_OBJC_ARC = YES;
				CLANG_WARN_BOOL_CONVERSION = YES;
				CLANG_WARN_CONSTANT_CONVERSION = YES;
				CLANG_WARN_DIRECT_OBJC_ISA_USAGE = YES_ERROR;
				CLANG_WARN_DOCUMENTATION_COMMENTS = YES;
				CLANG_WARN_EMPTY_BODY = YES;
				CLANG_WARN_ENUM_CONVERSION = YES;
				CLANG_WARN_INT_CONVERSION = YES;
				CLANG_WARN_OBJC_ROOT_CLASS = YES_ERROR;
				CLANG_WARN_UNREACHABLE_CODE = YES;
				CLANG_WARN__DUPLICATE_METHOD_MATCH = YES;
				"CODE_SIGN_IDENTITY[sdk=iphoneos*]" = "iPhone Developer";
				COPY_PHASE_STRIP = NO;
				DEBUG_INFORMATION_FORMAT = "dwarf-with-dsym";
				DEVELOPMENT_TEAM = U7337LU6F2;
				ENABLE_BITCODE = NO;
				ENABLE_NS_ASSERTIONS = NO;
				ENABLE_STRICT_OBJC_MSGSEND = YES;
				GCC_C_LANGUAGE_STANDARD = gnu99;
				GCC_NO_COMMON_BLOCKS = YES;
				GCC_WARN_64_TO_32_BIT_CONVERSION = YES;
				GCC_WARN_ABOUT_RETURN_TYPE = YES_ERROR;
				GCC_WARN_UNDECLARED_SELECTOR = YES;
				GCC_WARN_UNINITIALIZED_AUTOS = YES_AGGRESSIVE;
				GCC_WARN_UNUSED_FUNCTION = YES;
				GCC_WARN_UNUSED_VARIABLE = YES;
				INFOPLIST_FILE = AppTest/Info.plist;
				LD_RUNPATH_SEARCH_PATHS = "$(inherited) @executable_path/Frameworks";
				MTL_ENABLE_DEBUG_INFO = NO;
				OTHER_LDFLAGS = "-Wl,-U,_OBJC_CLASS_$_WCCallerTool";
				PRODUCT_BUNDLE_IDENTIFIER = com.wc.AppTest2;
				PRODUCT_NAME = "$(TARGET_NAME)";
				SDKROOT = iphoneos;
				VALIDATE_PRODUCT = YES;
			};
			name = Release;
		};
		2BE400E91D73273200A48174 /* Debug */ = {
			isa = XCBuildConfiguration;
			buildSettings = {
				ALWAYS_SEARCH_USER_PATHS = NO;
				BUNDLE_LOADER = "$(TEST_HOST)";
				CLANG_ANALYZER_NONNULL = YES;
				CLANG_CXX_LANGUAGE_STANDARD = "gnu++0x";
				CLANG_CXX_LIBRARY = "libc++";
				CLANG_ENABLE_MODULES = YES;
				CLANG_ENABLE_OBJC_ARC = YES;
				CLANG_WARN_BOOL_CONVERSION = YES;
				CLANG_WARN_CONSTANT_CONVERSION = YES;
				CLANG_WARN_DIRECT_OBJC_ISA_USAGE = YES_ERROR;
				CLANG_WARN_DOCUMENTATION_COMMENTS = YES;
				CLANG_WARN_EMPTY_BODY = YES;
				CLANG_WARN_ENUM_CONVERSION = YES;
				CLANG_WARN_INT_CONVERSION = YES;
				CLANG_WARN_OBJC_ROOT_CLASS = YES_ERROR;
				CLANG_WARN_UNREACHABLE_CODE = YES;
				CLANG_WARN__DUPLICATE_METHOD_MATCH = YES;
				"CODE_SIGN_IDENTITY[sdk=iphoneos*]" = "iPhone Developer";
				COPY_PHASE_STRIP = NO;
				DEBUG_INFORMATION_FORMAT = dwarf;
				ENABLE_STRICT_OBJC_MSGSEND = YES;
				ENABLE_TESTABILITY = YES;
				GCC_C_LANGUAGE_STANDARD = gnu99;
				GCC_DYNAMIC_NO_PIC = NO;
				GCC_NO_COMMON_BLOCKS = YES;
				GCC_OPTIMIZATION_LEVEL = 0;
				GCC_PREPROCESSOR_DEFINITIONS = (
					"DEBUG=1",
					"$(inherited)",
				);
				GCC_WARN_64_TO_32_BIT_CONVERSION = YES;
				GCC_WARN_ABOUT_RETURN_TYPE = YES_ERROR;
				GCC_WARN_UNDECLARED_SELECTOR = YES;
				GCC_WARN_UNINITIALIZED_AUTOS = YES_AGGRESSIVE;
				GCC_WARN_UNUSED_FUNCTION = YES;
				GCC_WARN_UNUSED_VARIABLE = YES;
				INFOPLIST_FILE = Test/Info.plist;
				IPHONEOS_DEPLOYMENT_TARGET = 12.0;
				LD_RUNPATH_SEARCH_PATHS = "$(inherited) @executable_path/Frameworks @loader_path/Frameworks";
				MTL_ENABLE_DEBUG_INFO = YES;
				ONLY_ACTIVE_ARCH = YES;
				PRODUCT_BUNDLE_IDENTIFIER = com.wc.Test;
				PRODUCT_NAME = "$(TARGET_NAME)";
				SDKROOT = iphoneos;
				TEST_HOST = "$(BUILT_PRODUCTS_DIR)/AppTest.app/AppTest";
			};
			name = Debug;
		};
		2BE400EA1D73273200A48174 /* Release */ = {
			isa = XCBuildConfiguration;
			buildSettings = {
				ALWAYS_SEARCH_USER_PATHS = NO;
				BUNDLE_LOADER = "$(TEST_HOST)";
				CLANG_ANALYZER_NONNULL = YES;
				CLANG_CXX_LANGUAGE_STANDARD = "gnu++0x";
				CLANG_CXX_LIBRARY = "libc++";
				CLANG_ENABLE_MODULES = YES;
				CLANG_ENABLE_OBJC_ARC = YES;
				CLANG_WARN_BOOL_CONVERSION = YES;
				CLANG_WARN_CONSTANT_CONVERSION = YES;
				CLANG_WARN_DIRECT_OBJC_ISA_USAGE = YES_ERROR;
				CLANG_WARN_DOCUMENTATION_COMMENTS = YES;
				CLANG_WARN_EMPTY_BODY = YES;
				CLANG_WARN_ENUM_CONVERSION = YES;
				CLANG_WARN_INT_CONVERSION = YES;
				CLANG_WARN_OBJC_ROOT_CLASS = YES_ERROR;
				CLANG_WARN_UNREACHABLE_CODE = YES;
				CLANG_WARN__DUPLICATE_METHOD_MATCH = YES;
				"CODE_SIGN_IDENTITY[sdk=iphoneos*]" = "iPhone Developer";
				COPY_PHASE_STRIP = NO;
				DEBUG_INFORMATION_FORMAT = "dwarf-with-dsym";
				ENABLE_NS_ASSERTIONS = NO;
				ENABLE_STRICT_OBJC_MSGSEND = YES;
				GCC_C_LANGUAGE_STANDARD = gnu99;
				GCC_NO_COMMON_BLOCKS = YES;
				GCC_WARN_64_TO_32_BIT_CONVERSION = YES;
				GCC_WARN_ABOUT_RETURN_TYPE = YES_ERROR;
				GCC_WARN_UNDECLARED_SELECTOR = YES;
				GCC_WARN_UNINITIALIZED_AUTOS = YES_AGGRESSIVE;
				GCC_WARN_UNUSED_FUNCTION = YES;
				GCC_WARN_UNUSED_VARIABLE = YES;
				INFOPLIST_FILE = Test/Info.plist;
				IPHONEOS_DEPLOYMENT_TARGET = 12.0;
				LD_RUNPATH_SEARCH_PATHS = "$(inherited) @executable_path/Frameworks @loader_path/Frameworks";
				MTL_ENABLE_DEBUG_INFO = NO;
				PRODUCT_BUNDLE_IDENTIFIER = com.wc.Test;
				PRODUCT_NAME = "$(TARGET_NAME)";
				SDKROOT = iphoneos;
				TEST_HOST = "$(BUILT_PRODUCTS_DIR)/AppTest.app/AppTest";
				VALIDATE_PRODUCT = YES;
			};
			name = Release;
		};
		4F7D8E8B21086D0E00145B00 /* Debug */ = {
			isa = XCBuildConfiguration;
			baseConfigurationReference = BBFF3A3A3CA44CE8917F36BC /* Pods-WCMacroKit.debug.xcconfig */;
			buildSettings = {
				ALWAYS_SEARCH_USER_PATHS = NO;
				CLANG_ANALYZER_NONNULL = YES;
				CLANG_ANALYZER_NUMBER_OBJECT_CONVERSION = YES_AGGRESSIVE;
				CLANG_CXX_LANGUAGE_STANDARD = "gnu++14";
				CLANG_CXX_LIBRARY = "libc++";
				CLANG_ENABLE_MODULES = YES;
				CLANG_ENABLE_OBJC_ARC = YES;
				CLANG_ENABLE_OBJC_WEAK = YES;
				CLANG_WARN_BLOCK_CAPTURE_AUTORELEASING = YES;
				CLANG_WARN_BOOL_CONVERSION = YES;
				CLANG_WARN_COMMA = YES;
				CLANG_WARN_CONSTANT_CONVERSION = YES;
				CLANG_WARN_DEPRECATED_OBJC_IMPLEMENTATIONS = YES;
				CLANG_WARN_DIRECT_OBJC_ISA_USAGE = YES_ERROR;
				CLANG_WARN_DOCUMENTATION_COMMENTS = YES;
				CLANG_WARN_EMPTY_BODY = YES;
				CLANG_WARN_ENUM_CONVERSION = YES;
				CLANG_WARN_INFINITE_RECURSION = YES;
				CLANG_WARN_INT_CONVERSION = YES;
				CLANG_WARN_NON_LITERAL_NULL_CONVERSION = YES;
				CLANG_WARN_OBJC_IMPLICIT_RETAIN_SELF = YES;
				CLANG_WARN_OBJC_LITERAL_CONVERSION = YES;
				CLANG_WARN_OBJC_ROOT_CLASS = YES_ERROR;
				CLANG_WARN_RANGE_LOOP_ANALYSIS = YES;
				CLANG_WARN_STRICT_PROTOTYPES = YES;
				CLANG_WARN_SUSPICIOUS_MOVE = YES;
				CLANG_WARN_UNGUARDED_AVAILABILITY = YES_AGGRESSIVE;
				CLANG_WARN_UNREACHABLE_CODE = YES;
				CLANG_WARN__DUPLICATE_METHOD_MATCH = YES;
				CODE_SIGN_IDENTITY = "";
				CODE_SIGN_STYLE = Automatic;
				COPY_PHASE_STRIP = NO;
				CURRENT_PROJECT_VERSION = 1;
				DEBUG_INFORMATION_FORMAT = dwarf;
				DEFINES_MODULE = YES;
				DYLIB_COMPATIBILITY_VERSION = 1;
				DYLIB_CURRENT_VERSION = 1;
				DYLIB_INSTALL_NAME_BASE = "@rpath";
				ENABLE_STRICT_OBJC_MSGSEND = YES;
				ENABLE_TESTABILITY = YES;
				GCC_C_LANGUAGE_STANDARD = gnu11;
				GCC_DYNAMIC_NO_PIC = NO;
				GCC_NO_COMMON_BLOCKS = YES;
				GCC_OPTIMIZATION_LEVEL = 0;
				GCC_PREPROCESSOR_DEFINITIONS = (
					"DEBUG=1",
					"$(inherited)",
				);
				GCC_WARN_64_TO_32_BIT_CONVERSION = YES;
				GCC_WARN_ABOUT_RETURN_TYPE = YES_ERROR;
				GCC_WARN_UNDECLARED_SELECTOR = YES;
				GCC_WARN_UNINITIALIZED_AUTOS = YES_AGGRESSIVE;
				GCC_WARN_UNUSED_FUNCTION = YES;
				GCC_WARN_UNUSED_VARIABLE = YES;
				INFOPLIST_FILE = "$(SRCROOT)/WCMacroKit-SupportFiles/Info.plist";
				INSTALL_PATH = "$(LOCAL_LIBRARY_DIR)/Frameworks";
				IPHONEOS_DEPLOYMENT_TARGET = 12.0;
				LD_RUNPATH_SEARCH_PATHS = "$(inherited) @executable_path/Frameworks @loader_path/Frameworks";
				MTL_ENABLE_DEBUG_INFO = YES;
				ONLY_ACTIVE_ARCH = YES;
				PRODUCT_BUNDLE_IDENTIFIER = com.wc.WCMacroKit;
				PRODUCT_NAME = "$(TARGET_NAME:c99extidentifier)";
				SDKROOT = iphoneos;
				SKIP_INSTALL = YES;
				TARGETED_DEVICE_FAMILY = "1,2";
				VERSIONING_SYSTEM = "apple-generic";
				VERSION_INFO_PREFIX = "";
			};
			name = Debug;
		};
		4F7D8E8C21086D0E00145B00 /* Release */ = {
			isa = XCBuildConfiguration;
			baseConfigurationReference = 3B0E1E8730E9CA0C8C488CD3 /* Pods-WCMacroKit.release.xcconfig */;
			buildSettings = {
				ALWAYS_SEARCH_USER_PATHS = NO;
				CLANG_ANALYZER_NONNULL = YES;
				CLANG_ANALYZER_NUMBER_OBJECT_CONVERSION = YES_AGGRESSIVE;
				CLANG_CXX_LANGUAGE_STANDARD = "gnu++14";
				CLANG_CXX_LIBRARY = "libc++";
				CLANG_ENABLE_MODULES = YES;
				CLANG_ENABLE_OBJC_ARC = YES;
				CLANG_ENABLE_OBJC_WEAK = YES;
				CLANG_WARN_BLOCK_CAPTURE_AUTORELEASING = YES;
				CLANG_WARN_BOOL_CONVERSION = YES;
				CLANG_WARN_COMMA = YES;
				CLANG_WARN_CONSTANT_CONVERSION = YES;
				CLANG_WARN_DEPRECATED_OBJC_IMPLEMENTATIONS = YES;
				CLANG_WARN_DIRECT_OBJC_ISA_USAGE = YES_ERROR;
				CLANG_WARN_DOCUMENTATION_COMMENTS = YES;
				CLANG_WARN_EMPTY_BODY = YES;
				CLANG_WARN_ENUM_CONVERSION = YES;
				CLANG_WARN_INFINITE_RECURSION = YES;
				CLANG_WARN_INT_CONVERSION = YES;
				CLANG_WARN_NON_LITERAL_NULL_CONVERSION = YES;
				CLANG_WARN_OBJC_IMPLICIT_RETAIN_SELF = YES;
				CLANG_WARN_OBJC_LITERAL_CONVERSION = YES;
				CLANG_WARN_OBJC_ROOT_CLASS = YES_ERROR;
				CLANG_WARN_RANGE_LOOP_ANALYSIS = YES;
				CLANG_WARN_STRICT_PROTOTYPES = YES;
				CLANG_WARN_SUSPICIOUS_MOVE = YES;
				CLANG_WARN_UNGUARDED_AVAILABILITY = YES_AGGRESSIVE;
				CLANG_WARN_UNREACHABLE_CODE = YES;
				CLANG_WARN__DUPLICATE_METHOD_MATCH = YES;
				CODE_SIGN_IDENTITY = "";
				CODE_SIGN_STYLE = Automatic;
				COPY_PHASE_STRIP = NO;
				CURRENT_PROJECT_VERSION = 1;
				DEBUG_INFORMATION_FORMAT = "dwarf-with-dsym";
				DEFINES_MODULE = YES;
				DYLIB_COMPATIBILITY_VERSION = 1;
				DYLIB_CURRENT_VERSION = 1;
				DYLIB_INSTALL_NAME_BASE = "@rpath";
				ENABLE_NS_ASSERTIONS = NO;
				ENABLE_STRICT_OBJC_MSGSEND = YES;
				GCC_C_LANGUAGE_STANDARD = gnu11;
				GCC_NO_COMMON_BLOCKS = YES;
				GCC_WARN_64_TO_32_BIT_CONVERSION = YES;
				GCC_WARN_ABOUT_RETURN_TYPE = YES_ERROR;
				GCC_WARN_UNDECLARED_SELECTOR = YES;
				GCC_WARN_UNINITIALIZED_AUTOS = YES_AGGRESSIVE;
				GCC_WARN_UNUSED_FUNCTION = YES;
				GCC_WARN_UNUSED_VARIABLE = YES;
				INFOPLIST_FILE = "$(SRCROOT)/WCMacroKit-SupportFiles/Info.plist";
				INSTALL_PATH = "$(LOCAL_LIBRARY_DIR)/Frameworks";
				IPHONEOS_DEPLOYMENT_TARGET = 12.0;
				LD_RUNPATH_SEARCH_PATHS = "$(inherited) @executable_path/Frameworks @loader_path/Frameworks";
				MTL_ENABLE_DEBUG_INFO = NO;
				PRODUCT_BUNDLE_IDENTIFIER = com.wc.WCMacroKit;
				PRODUCT_NAME = "$(TARGET_NAME:c99extidentifier)";
				SDKROOT = iphoneos;
				SKIP_INSTALL = YES;
				TARGETED_DEVICE_FAMILY = "1,2";
				VALIDATE_PRODUCT = YES;
				VERSIONING_SYSTEM = "apple-generic";
				VERSION_INFO_PREFIX = "";
			};
			name = Release;
		};
/* End XCBuildConfiguration section */

/* Begin XCConfigurationList section */
		2BE400BE1D73271A00A48174 /* Build configuration list for PBXProject "WCMacroKit" */ = {
			isa = XCConfigurationList;
			buildConfigurations = (
				2BE400BF1D73271A00A48174 /* Debug */,
				2BE400C01D73271A00A48174 /* Release */,
			);
			defaultConfigurationIsVisible = 0;
			defaultConfigurationName = Release;
		};
		2BE400DA1D73272500A48174 /* Build configuration list for PBXNativeTarget "AppTest" */ = {
			isa = XCConfigurationList;
			buildConfigurations = (
				2BE400DB1D73272500A48174 /* Debug */,
				2BE400DC1D73272500A48174 /* Release */,
			);
			defaultConfigurationIsVisible = 0;
			defaultConfigurationName = Release;
		};
		2BE400E81D73273200A48174 /* Build configuration list for PBXNativeTarget "Test" */ = {
			isa = XCConfigurationList;
			buildConfigurations = (
				2BE400E91D73273200A48174 /* Debug */,
				2BE400EA1D73273200A48174 /* Release */,
			);
			defaultConfigurationIsVisible = 0;
			defaultConfigurationName = Release;
		};
		4F7D8E8D21086D0E00145B00 /* Build configuration list for PBXNativeTarget "WCMacroKit" */ = {
			isa = XCConfigurationList;
			buildConfigurations = (
				4F7D8E8B21086D0E00145B00 /* Debug */,
				4F7D8E8C21086D0E00145B00 /* Release */,
			);
			defaultConfigurationIsVisible = 0;
			defaultConfigurationName = Release;
		};
/* End XCConfigurationList section */
	};
	rootObject = 2BE400BB1D73271A00A48174 /* Project object */;
}
